
Microsoft Visual Studio Solution File, Format Version 12.00
# Visual Studio Version 17
VisualStudioVersion = 17.4.33403.182
MinimumVisualStudioVersion = 10.0.40219.1
Project("{FAE04EC0-301F-11D3-BF4B-00C04F79EFBC}") = "Donguler_Ornekler", "Donguler_Ornekler\Donguler_Ornekler.csproj", "{F483E1D2-7D2D-4793-8257-DF5A75391A5E}"
EndProject
Global
	GlobalSection(SolutionConfigurationPlatforms) = preSolution
		Debug|Any CPU = Debug|Any CPU
		Release|Any CPU = Release|Any CPU
	EndGlobalSection
	GlobalSection(ProjectConfigurationPlatforms) = postSolution
		{F483E1D2-7D2D-4793-8257-DF5A75391A5E}.Debug|Any CPU.ActiveCfg = Debug|Any CPU
		{F483E1D2-7D2D-4793-8257-DF5A75391A5E}.Debug|Any CPU.Build.0 = Debug|Any CPU
		{F483E1D2-7D2D-4793-8257-DF5A75391A5E}.Release|Any CPU.ActiveCfg = Release|Any CPU
		{F483E1D2-7D2D-4793-8257-DF5A75391A5E}.Release|Any CPU.Build.0 = Release|Any CPU
	EndGlobalSection
	GlobalSection(SolutionProperties) = preSolution
		HideSolutionNode = FALSE
	EndGlobalSection
	GlobalSection(ExtensibilityGlobals) = postSolution
		SolutionGuid = {3AAC1B67-7024-44CC-A894-19809419F9E3}
	EndGlobalSection
EndGlobal
